// !$*UTF8*$!
{
	archiveVersion = 1;
	classes = {
	};
	objectVersion = 56;
	objects = {

/* Begin PBXBuildFile section */
		0AB2622229ED277400BEB845 /* AppDelegate.swift in Sources */ = {isa = PBXBuildFile; fileRef = 0AB2622129ED277400BEB845 /* AppDelegate.swift */; };
		0AB2622429ED277400BEB845 /* SceneDelegate.swift in Sources */ = {isa = PBXBuildFile; fileRef = 0AB2622329ED277400BEB845 /* SceneDelegate.swift */; };
		0AB2622629ED277400BEB845 /* ViewController.swift in Sources */ = {isa = PBXBuildFile; fileRef = 0AB2622529ED277400BEB845 /* ViewController.swift */; };
		0AB2622929ED277400BEB845 /* Main.storyboard in Resources */ = {isa = PBXBuildFile; fileRef = 0AB2622729ED277400BEB845 /* Main.storyboard */; };
		0AB2622B29ED277500BEB845 /* Assets.xcassets in Resources */ = {isa = PBXBuildFile; fileRef = 0AB2622A29ED277500BEB845 /* Assets.xcassets */; };
		0AB2622E29ED277500BEB845 /* LaunchScreen.storyboard in Resources */ = {isa = PBXBuildFile; fileRef = 0AB2622C29ED277500BEB845 /* LaunchScreen.storyboard */; };
		0AB2623929ED277500BEB845 /* LandmarkBookTests.swift in Sources */ = {isa = PBXBuildFile; fileRef = 0AB2623829ED277500BEB845 /* LandmarkBookTests.swift */; };
		0AB2624329ED277500BEB845 /* LandmarkBookUITests.swift in Sources */ = {isa = PBXBuildFile; fileRef = 0AB2624229ED277500BEB845 /* LandmarkBookUITests.swift */; };
		0AB2624529ED277500BEB845 /* LandmarkBookUITestsLaunchTests.swift in Sources */ = {isa = PBXBuildFile; fileRef = 0AB2624429ED277500BEB845 /* LandmarkBookUITestsLaunchTests.swift */; };
		0AB2625229ED2E4B00BEB845 /* DetailsVC.swift in Sources */ = {isa = PBXBuildFile; fileRef = 0AB2625129ED2E4B00BEB845 /* DetailsVC.swift */; };
/* End PBXBuildFile section */

/* Begin PBXContainerItemProxy section */
		0AB2623529ED277500BEB845 /* PBXContainerItemProxy */ = {
			isa = PBXContainerItemProxy;
			containerPortal = 0AB2621629ED277400BEB845 /* Project object */;
			proxyType = 1;
			remoteGlobalIDString = 0AB2621D29ED277400BEB845;
			remoteInfo = LandmarkBook;
		};
		0AB2623F29ED277500BEB845 /* PBXContainerItemProxy */ = {
			isa = PBXContainerItemProxy;
			containerPortal = 0AB2621629ED277400BEB845 /* Project object */;
			proxyType = 1;
			remoteGlobalIDString = 0AB2621D29ED277400BEB845;
			remoteInfo = LandmarkBook;
		};
/* End PBXContainerItemProxy section */

/* Begin PBXFileReference section */
		0AB2621E29ED277400BEB845 /* LandmarkBook.app */ = {isa = PBXFileReference; explicitFileType = wrapper.application; includeInIndex = 0; path = LandmarkBook.app; sourceTree = BUILT_PRODUCTS_DIR; };
		0AB2622129ED277400BEB845 /* AppDelegate.swift */ = {isa = PBXFileReference; lastKnownFileType = sourcecode.swift; path = AppDelegate.swift; sourceTree = "<group>"; };
		0AB2622329ED277400BEB845 /* SceneDelegate.swift */ = {isa = PBXFileReference; lastKnownFileType = sourcecode.swift; path = SceneDelegate.swift; sourceTree = "<group>"; };
		0AB2622529ED277400BEB845 /* ViewController.swift */ = {isa = PBXFileReference; lastKnownFileType = sourcecode.swift; path = ViewController.swift; sourceTree = "<group>"; };
		0AB2622829ED277400BEB845 /* Base */ = {isa = PBXFileReference; lastKnownFileType = file.storyboard; name = Base; path = Base.lproj/Main.storyboard; sourceTree = "<group>"; };
		0AB2622A29ED277500BEB845 /* Assets.xcassets */ = {isa = PBXFileReference; lastKnownFileType = folder.assetcatalog; path = Assets.xcassets; sourceTree = "<group>"; };
		0AB2622D29ED277500BEB845 /* Base */ = {isa = PBXFileReference; lastKnownFileType = file.storyboard; name = Base; path = Base.lproj/LaunchScreen.storyboard; sourceTree = "<group>"; };
		0AB2622F29ED277500BEB845 /* Info.plist */ = {isa = PBXFileReference; lastKnownFileType = text.plist.xml; path = Info.plist; sourceTree = "<group>"; };
		0AB2623429ED277500BEB845 /* LandmarkBookTests.xctest */ = {isa = PBXFileReference; explicitFileType = wrapper.cfbundle; includeInIndex = 0; path = LandmarkBookTests.xctest; sourceTree = BUILT_PRODUCTS_DIR; };
		0AB2623829ED277500BEB845 /* LandmarkBookTests.swift */ = {isa = PBXFileReference; lastKnownFileType = sourcecode.swift; path = LandmarkBookTests.swift; sourceTree = "<group>"; };
		0AB2623E29ED277500BEB845 /* LandmarkBookUITests.xctest */ = {isa = PBXFileReference; explicitFileType = wrapper.cfbundle; includeInIndex = 0; path = LandmarkBookUITests.xctest; sourceTree = BUILT_PRODUCTS_DIR; };
		0AB2624229ED277500BEB845 /* LandmarkBookUITests.swift */ = {isa = PBXFileReference; lastKnownFileType = sourcecode.swift; path = LandmarkBookUITests.swift; sourceTree = "<group>"; };
		0AB2624429ED277500BEB845 /* LandmarkBookUITestsLaunchTests.swift */ = {isa = PBXFileReference; lastKnownFileType = sourcecode.swift; path = LandmarkBookUITestsLaunchTests.swift; sourceTree = "<group>"; };
		0AB2625129ED2E4B00BEB845 /* DetailsVC.swift */ = {isa = PBXFileReference; lastKnownFileType = sourcecode.swift; path = DetailsVC.swift; sourceTree = "<group>"; };
/* End PBXFileReference section */

/* Begin PBXFrameworksBuildPhase section */
		0AB2621B29ED277400BEB845 /* Frameworks */ = {
			isa = PBXFrameworksBuildPhase;
			buildActionMask = 2147483647;
			files = (
			);
			runOnlyForDeploymentPostprocessing = 0;
		};
		0AB2623129ED277500BEB845 /* Frameworks */ = {
			isa = PBXFrameworksBuildPhase;
			buildActionMask = 2147483647;
			files = (
			);
			runOnlyForDeploymentPostprocessing = 0;
		};
		0AB2623B29ED277500BEB845 /* Frameworks */ = {
			isa = PBXFrameworksBuildPhase;
			buildActionMask = 2147483647;
			files = (
			);
			runOnlyForDeploymentPostprocessing = 0;
		};
/* End PBXFrameworksBuildPhase section */

/* Begin PBXGroup section */
		0AB2621529ED277400BEB845 = {
			isa = PBXGroup;
			children = (
				0AB2622029ED277400BEB845 /* LandmarkBook */,
				0AB2623729ED277500BEB845 /* LandmarkBookTests */,
				0AB2624129ED277500BEB845 /* LandmarkBookUITests */,
				0AB2621F29ED277400BEB845 /* Products */,
			);
			sourceTree = "<group>";
		};
		0AB2621F29ED277400BEB845 /* Products */ = {
			isa = PBXGroup;
			children = (
				0AB2621E29ED277400BEB845 /* LandmarkBook.app */,
				0AB2623429ED277500BEB845 /* LandmarkBookTests.xctest */,
				0AB2623E29ED277500BEB845 /* LandmarkBookUITests.xctest */,
			);
			name = Products;
			sourceTree = "<group>";
		};
		0AB2622029ED277400BEB845 /* LandmarkBook */ = {
			isa = PBXGroup;
			children = (
				0AB2622129ED277400BEB845 /* AppDelegate.swift */,
				0AB2622329ED277400BEB845 /* SceneDelegate.swift */,
				0AB2622529ED277400BEB845 /* ViewController.swift */,
				0AB2625129ED2E4B00BEB845 /* DetailsVC.swift */,
				0AB2622729ED277400BEB845 /* Main.storyboard */,
				0AB2622A29ED277500BEB845 /* Assets.xcassets */,
				0AB2622C29ED277500BEB845 /* LaunchScreen.storyboard */,
				0AB2622F29ED277500BEB845 /* Info.plist */,
			);
			path = LandmarkBook;
			sourceTree = "<group>";
		};
		0AB2623729ED277500BEB845 /* LandmarkBookTests */ = {
			isa = PBXGroup;
			children = (
				0AB2623829ED277500BEB845 /* LandmarkBookTests.swift */,
			);
			path = LandmarkBookTests;
			sourceTree = "<group>";
		};
		0AB2624129ED277500BEB845 /* LandmarkBookUITests */ = {
			isa = PBXGroup;
			children = (
				0AB2624229ED277500BEB845 /* LandmarkBookUITests.swift */,
				0AB2624429ED277500BEB845 /* LandmarkBookUITestsLaunchTests.swift */,
			);
			path = LandmarkBookUITests;
			sourceTree = "<group>";
		};
/* End PBXGroup section */

/* Begin PBXNativeTarget section */
		0AB2621D29ED277400BEB845 /* LandmarkBook */ = {
			isa = PBXNativeTarget;
			buildConfigurationList = 0AB2624829ED277500BEB845 /* Build configuration list for PBXNativeTarget "LandmarkBook" */;
			buildPhases = (
				0AB2621A29ED277400BEB845 /* Sources */,
				0AB2621B29ED277400BEB845 /* Frameworks */,
				0AB2621C29ED277400BEB845 /* Resources */,
			);
			buildRules = (
			);
			dependencies = (
			);
			name = LandmarkBook;
			productName = LandmarkBook;
			productReference = 0AB2621E29ED277400BEB845 /* LandmarkBook.app */;
			productType = "com.apple.product-type.application";
		};
		0AB2623329ED277500BEB845 /* LandmarkBookTests */ = {
			isa = PBXNativeTarget;
			buildConfigurationList = 0AB2624B29ED277500BEB845 /* Build configuration list for PBXNativeTarget "LandmarkBookTests" */;
			buildPhases = (
				0AB2623029ED277500BEB845 /* Sources */,
				0AB2623129ED277500BEB845 /* Frameworks */,
				0AB2623229ED277500BEB845 /* Resources */,
			);
			buildRules = (
			);
			dependencies = (
				0AB2623629ED277500BEB845 /* PBXTargetDependency */,
			);
			name = LandmarkBookTests;
			productName = LandmarkBookTests;
			productReference = 0AB2623429ED277500BEB845 /* LandmarkBookTests.xctest */;
			productType = "com.apple.product-type.bundle.unit-test";
		};
		0AB2623D29ED277500BEB845 /* LandmarkBookUITests */ = {
			isa = PBXNativeTarget;
			buildConfigurationList = 0AB2624E29ED277500BEB845 /* Build configuration list for PBXNativeTarget "LandmarkBookUITests" */;
			buildPhases = (
				0AB2623A29ED277500BEB845 /* Sources */,
				0AB2623B29ED277500BEB845 /* Frameworks */,
				0AB2623C29ED277500BEB845 /* Resources */,
			);
			buildRules = (
			);
			dependencies = (
				0AB2624029ED277500BEB845 /* PBXTargetDependency */,
			);
			name = LandmarkBookUITests;
			productName = LandmarkBookUITests;
			productReference = 0AB2623E29ED277500BEB845 /* LandmarkBookUITests.xctest */;
			productType = "com.apple.product-type.bundle.ui-testing";
		};
/* End PBXNativeTarget section */

/* Begin PBXProject section */
		0AB2621629ED277400BEB845 /* Project object */ = {
			isa = PBXProject;
			attributes = {
				BuildIndependentTargetsInParallel = 1;
				LastSwiftUpdateCheck = 1430;
				LastUpgradeCheck = 1430;
				TargetAttributes = {
					0AB2621D29ED277400BEB845 = {
						CreatedOnToolsVersion = 14.3;
					};
					0AB2623329ED277500BEB845 = {
						CreatedOnToolsVersion = 14.3;
						TestTargetID = 0AB2621D29ED277400BEB845;
					};
					0AB2623D29ED277500BEB845 = {
						CreatedOnToolsVersion = 14.3;
						TestTargetID = 0AB2621D29ED277400BEB845;
					};
				};
			};
			buildConfigurationList = 0AB2621929ED277400BEB845 /* Build configuration list for PBXProject "LandmarkBook" */;
			compatibilityVersion = "Xcode 14.0";
			developmentRegion = en;
			hasScannedForEncodings = 0;
			knownRegions = (
				en,
				Base,
			);
			mainGroup = 0AB2621529ED277400BEB845;
			productRefGroup = 0AB2621F29ED277400BEB845 /* Products */;
			projectDirPath = "";
			projectRoot = "";
			targets = (
				0AB2621D29ED277400BEB845 /* LandmarkBook */,
				0AB2623329ED277500BEB845 /* LandmarkBookTests */,
				0AB2623D29ED277500BEB845 /* LandmarkBookUITests */,
			);
		};
/* End PBXProject section */

/* Begin PBXResourcesBuildPhase section */
		0AB2621C29ED277400BEB845 /* Resources */ = {
			isa = PBXResourcesBuildPhase;
			buildActionMask = 2147483647;
			files = (
				0AB2622E29ED277500BEB845 /* LaunchScreen.storyboard in Resources */,
				0AB2622B29ED277500BEB845 /* Assets.xcassets in Resources */,
				0AB2622929ED277400BEB845 /* Main.storyboard in Resources */,
			);
			runOnlyForDeploymentPostprocessing = 0;
		};
		0AB2623229ED277500BEB845 /* Resources */ = {
			isa = PBXResourcesBuildPhase;
			buildActionMask = 2147483647;
			files = (
			);
			runOnlyForDeploymentPostprocessing = 0;
		};
		0AB2623C29ED277500BEB845 /* Resources */ = {
			isa = PBXResourcesBuildPhase;
			buildActionMask = 2147483647;
			files = (
			);
			runOnlyForDeploymentPostprocessing = 0;
		};
/* End PBXResourcesBuildPhase section */

/* Begin PBXSourcesBuildPhase section */
		0AB2621A29ED277400BEB845 /* Sources */ = {
			isa = PBXSourcesBuildPhase;
			buildActionMask = 2147483647;
			files = (
				0AB2622629ED277400BEB845 /* ViewController.swift in Sources */,
				0AB2625229ED2E4B00BEB845 /* DetailsVC.swift in Sources */,
				0AB2622229ED277400BEB845 /* AppDelegate.swift in Sources */,
				0AB2622429ED277400BEB845 /* SceneDelegate.swift in Sources */,
			);
			runOnlyForDeploymentPostprocessing = 0;
		};
		0AB2623029ED277500BEB845 /* Sources */ = {
			isa = PBXSourcesBuildPhase;
			buildActionMask = 2147483647;
			files = (
				0AB2623929ED277500BEB845 /* LandmarkBookTests.swift in Sources */,
			);
			runOnlyForDeploymentPostprocessing = 0;
		};
		0AB2623A29ED277500BEB845 /* Sources */ = {
			isa = PBXSourcesBuildPhase;
			buildActionMask = 2147483647;
			files = (
				0AB2624329ED277500BEB845 /* LandmarkBookUITests.swift in Sources */,
				0AB2624529ED277500BEB845 /* LandmarkBookUITestsLaunchTests.swift in Sources */,
			);
			runOnlyForDeploymentPostprocessing = 0;
		};
/* End PBXSourcesBuildPhase section */

/* Begin PBXTargetDependency section */
		0AB2623629ED277500BEB845 /* PBXTargetDependency */ = {
			isa = PBXTargetDependency;
			target = 0AB2621D29ED277400BEB845 /* LandmarkBook */;
			targetProxy = 0AB2623529ED277500BEB845 /* PBXContainerItemProxy */;
		};
		0AB2624029ED277500BEB845 /* PBXTargetDependency */ = {
			isa = PBXTargetDependency;
			target = 0AB2621D29ED277400BEB845 /* LandmarkBook */;
			targetProxy = 0AB2623F29ED277500BEB845 /* PBXContainerItemProxy */;
		};
/* End PBXTargetDependency section */

/* Begin PBXVariantGroup section */
		0AB2622729ED277400BEB845 /* Main.storyboard */ = {
			isa = PBXVariantGroup;
			children = (
				0AB2622829ED277400BEB845 /* Base */,
			);
			name = Main.storyboard;
			sourceTree = "<group>";
		};
		0AB2622C29ED277500BEB845 /* LaunchScreen.storyboard */ = {
			isa = PBXVariantGroup;
			children = (
				0AB2622D29ED277500BEB845 /* Base */,
			);
			name = LaunchScreen.storyboard;
			sourceTree = "<group>";
		};
/* End PBXVariantGroup section */

/* Begin XCBuildConfiguration section */
		0AB2624629ED277500BEB845 /* Debug */ = {
			isa = XCBuildConfiguration;
			buildSettings = {
				ALWAYS_SEARCH_USER_PATHS = NO;
				CLANG_ANALYZER_NONNULL = YES;
				CLANG_ANALYZER_NUMBER_OBJECT_CONVERSION = YES_AGGRESSIVE;
				CLANG_CXX_LANGUAGE_STANDARD = "gnu++20";
				CLANG_ENABLE_MODULES = YES;
				CLANG_ENABLE_OBJC_ARC = YES;
				CLANG_ENABLE_OBJC_WEAK = YES;
				CLANG_WARN_BLOCK_CAPTURE_AUTORELEASING = YES;
				CLANG_WARN_BOOL_CONVERSION = YES;
				CLANG_WARN_COMMA = YES;
				CLANG_WARN_CONSTANT_CONVERSION = YES;
				CLANG_WARN_DEPRECATED_OBJC_IMPLEMENTATIONS = YES;
				CLANG_WARN_DIRECT_OBJC_ISA_USAGE = YES_ERROR;
				CLANG_WARN_DOCUMENTATION_COMMENTS = YES;
				CLANG_WARN_EMPTY_BODY = YES;
				CLANG_WARN_ENUM_CONVERSION = YES;
				CLANG_WARN_INFINITE_RECURSION = YES;
				CLANG_WARN_INT_CONVERSION = YES;
				CLANG_WARN_NON_LITERAL_NULL_CONVERSION = YES;
				CLANG_WARN_OBJC_IMPLICIT_RETAIN_SELF = YES;
				CLANG_WARN_OBJC_LITERAL_CONVERSION = YES;
				CLANG_WARN_OBJC_ROOT_CLASS = YES_ERROR;
				CLANG_WARN_QUOTED_INCLUDE_IN_FRAMEWORK_HEADER = YES;
				CLANG_WARN_RANGE_LOOP_ANALYSIS = YES;
				CLANG_WARN_STRICT_PROTOTYPES = YES;
				CLANG_WARN_SUSPICIOUS_MOVE = YES;
				CLANG_WARN_UNGUARDED_AVAILABILITY = YES_AGGRESSIVE;
				CLANG_WARN_UNREACHABLE_CODE = YES;
				CLANG_WARN__DUPLICATE_METHOD_MATCH = YES;
				COPY_PHASE_STRIP = NO;
				DEBUG_INFORMATION_FORMAT = dwarf;
				ENABLE_STRICT_OBJC_MSGSEND = YES;
				ENABLE_TESTABILITY = YES;
				GCC_C_LANGUAGE_STANDARD = gnu11;
				GCC_DYNAMIC_NO_PIC = NO;
				GCC_NO_COMMON_BLOCKS = YES;
				GCC_OPTIMIZATION_LEVEL = 0;
				GCC_PREPROCESSOR_DEFINITIONS = (
					"DEBUG=1",
					"$(inherited)",
				);
				GCC_WARN_64_TO_32_BIT_CONVERSION = YES;
				GCC_WARN_ABOUT_RETURN_TYPE = YES_ERROR;
				GCC_WARN_UNDECLARED_SELECTOR = YES;
				GCC_WARN_UNINITIALIZED_AUTOS = YES_AGGRESSIVE;
				GCC_WARN_UNUSED_FUNCTION = YES;
				GCC_WARN_UNUSED_VARIABLE = YES;
				IPHONEOS_DEPLOYMENT_TARGET = 16.4;
				MTL_ENABLE_DEBUG_INFO = INCLUDE_SOURCE;
				MTL_FAST_MATH = YES;
				ONLY_ACTIVE_ARCH = YES;
				SDKROOT = iphoneos;
				SWIFT_ACTIVE_COMPILATION_CONDITIONS = DEBUG;
				SWIFT_OPTIMIZATION_LEVEL = "-Onone";
			};
			name = Debug;
		};
		0AB2624729ED277500BEB845 /* Release */ = {
			isa = XCBuildConfiguration;
			buildSettings = {
				ALWAYS_SEARCH_USER_PATHS = NO;
				CLANG_ANALYZER_NONNULL = YES;
				CLANG_ANALYZER_NUMBER_OBJECT_CONVERSION = YES_AGGRESSIVE;
				CLANG_CXX_LANGUAGE_STANDARD = "gnu++20";
				CLANG_ENABLE_MODULES = YES;
				CLANG_ENABLE_OBJC_ARC = YES;
				CLANG_ENABLE_OBJC_WEAK = YES;
				CLANG_WARN_BLOCK_CAPTURE_AUTORELEASING = YES;
				CLANG_WARN_BOOL_CONVERSION = YES;
				CLANG_WARN_COMMA = YES;
				CLANG_WARN_CONSTANT_CONVERSION = YES;
				CLANG_WARN_DEPRECATED_OBJC_IMPLEMENTATIONS = YES;
				CLANG_WARN_DIRECT_OBJC_ISA_USAGE = YES_ERROR;
				CLANG_WARN_DOCUMENTATION_COMMENTS = YES;
				CLANG_WARN_EMPTY_BODY = YES;
				CLANG_WARN_ENUM_CONVERSION = YES;
				CLANG_WARN_INFINITE_RECURSION = YES;
				CLANG_WARN_INT_CONVERSION = YES;
				CLANG_WARN_NON_LITERAL_NULL_CONVERSION = YES;
				CLANG_WARN_OBJC_IMPLICIT_RETAIN_SELF = YES;
				CLANG_WARN_OBJC_LITERAL_CONVERSION = YES;
				CLANG_WARN_OBJC_ROOT_CLASS = YES_ERROR;
				CLANG_WARN_QUOTED_INCLUDE_IN_FRAMEWORK_HEADER = YES;
				CLANG_WARN_RANGE_LOOP_ANALYSIS = YES;
				CLANG_WARN_STRICT_PROTOTYPES = YES;
				CLANG_WARN_SUSPICIOUS_MOVE = YES;
				CLANG_WARN_UNGUARDED_AVAILABILITY = YES_AGGRESSIVE;
				CLANG_WARN_UNREACHABLE_CODE = YES;
				CLANG_WARN__DUPLICATE_METHOD_MATCH = YES;
				COPY_PHASE_STRIP = NO;
				DEBUG_INFORMATION_FORMAT = "dwarf-with-dsym";
				ENABLE_NS_ASSERTIONS = NO;
				ENABLE_STRICT_OBJC_MSGSEND = YES;
				GCC_C_LANGUAGE_STANDARD = gnu11;
				GCC_NO_COMMON_BLOCKS = YES;
				GCC_WARN_64_TO_32_BIT_CONVERSION = YES;
				GCC_WARN_ABOUT_RETURN_TYPE = YES_ERROR;
				GCC_WARN_UNDECLARED_SELECTOR = YES;
				GCC_WARN_UNINITIALIZED_AUTOS = YES_AGGRESSIVE;
				GCC_WARN_UNUSED_FUNCTION = YES;
				GCC_WARN_UNUSED_VARIABLE = YES;
				IPHONEOS_DEPLOYMENT_TARGET = 16.4;
				MTL_ENABLE_DEBUG_INFO = NO;
				MTL_FAST_MATH = YES;
				SDKROOT = iphoneos;
				SWIFT_COMPILATION_MODE = wholemodule;
				SWIFT_OPTIMIZATION_LEVEL = "-O";
				VALIDATE_PRODUCT = YES;
			};
			name = Release;
		};
		0AB2624929ED277500BEB845 /* Debug */ = {
			isa = XCBuildConfiguration;
			buildSettings = {
				ASSETCATALOG_COMPILER_APPICON_NAME = AppIcon;
				ASSETCATALOG_COMPILER_GLOBAL_ACCENT_COLOR_NAME = AccentColor;
				CODE_SIGN_STYLE = Automatic;
				CURRENT_PROJECT_VERSION = 1;
				DEVELOPMENT_TEAM = Q3YUWP37C3;
				GENERATE_INFOPLIST_FILE = YES;
				INFOPLIST_FILE = LandmarkBook/Info.plist;
				INFOPLIST_KEY_UIApplicationSupportsIndirectInputEvents = YES;
				INFOPLIST_KEY_UILaunchStoryboardName = LaunchScreen;
				INFOPLIST_KEY_UIMainStoryboardFile = Main;
				INFOPLIST_KEY_UISupportedInterfaceOrientations_iPad = "UIInterfaceOrientationPortrait UIInterfaceOrientationPortraitUpsideDown UIInterfaceOrientationLandscapeLeft UIInterfaceOrientationLandscapeRight";
				INFOPLIST_KEY_UISupportedInterfaceOrientations_iPhone = "UIInterfaceOrientationPortrait UIInterfaceOrientationLandscapeLeft UIInterfaceOrientationLandscapeRight";
				LD_RUNPATH_SEARCH_PATHS = (
					"$(inherited)",
					"@executable_path/Frameworks",
				);
				MARKETING_VERSION = 1.0;
				PRODUCT_BUNDLE_IDENTIFIER = com.oznur.LandmarkBook;
				PRODUCT_NAME = "$(TARGET_NAME)";
				SWIFT_EMIT_LOC_STRINGS = YES;
				SWIFT_VERSION = 5.0;
				TARGETED_DEVICE_FAMILY = "1,2";
			};
			name = Debug;
		};
		0AB2624A29ED277500BEB845 /* Release */ = {
			isa = XCBuildConfiguration;
			buildSettings = {
				ASSETCATALOG_COMPILER_APPICON_NAME = AppIcon;
				ASSETCATALOG_COMPILER_GLOBAL_ACCENT_COLOR_NAME = AccentColor;
				CODE_SIGN_STYLE = Automatic;
				CURRENT_PROJECT_VERSION = 1;
				DEVELOPMENT_TEAM = Q3YUWP37C3;
				GENERATE_INFOPLIST_FILE = YES;
				INFOPLIST_FILE = LandmarkBook/Info.plist;
				INFOPLIST_KEY_UIApplicationSupportsIndirectInputEvents = YES;
				INFOPLIST_KEY_UILaunchStoryboardName = LaunchScreen;
				INFOPLIST_KEY_UIMainStoryboardFile = Main;
				INFOPLIST_KEY_UISupportedInterfaceOrientations_iPad = "UIInterfaceOrientationPortrait UIInterfaceOrientationPortraitUpsideDown UIInterfaceOrientationLandscapeLeft UIInterfaceOrientationLandscapeRight";
				INFOPLIST_KEY_UISupportedInterfaceOrientations_iPhone = "UIInterfaceOrientationPortrait UIInterfaceOrientationLandscapeLeft UIInterfaceOrientationLandscapeRight";
				LD_RUNPATH_SEARCH_PATHS = (
					"$(inherited)",
					"@executable_path/Frameworks",
				);
				MARKETING_VERSION = 1.0;
				PRODUCT_BUNDLE_IDENTIFIER = com.oznur.LandmarkBook;
				PRODUCT_NAME = "$(TARGET_NAME)";
				SWIFT_EMIT_LOC_STRINGS = YES;
				SWIFT_VERSION = 5.0;
				TARGETED_DEVICE_FAMILY = "1,2";
			};
			name = Release;
		};
		0AB2624C29ED277500BEB845 /* Debug */ = {
			isa = XCBuildConfiguration;
			buildSettings = {
				ALWAYS_EMBED_SWIFT_STANDARD_LIBRARIES = YES;
				BUNDLE_LOADER = "$(TEST_HOST)";
				CODE_SIGN_STYLE = Automatic;
				CURRENT_PROJECT_VERSION = 1;
				DEVELOPMENT_TEAM = Q3YUWP37C3;
				GENERATE_INFOPLIST_FILE = YES;
				IPHONEOS_DEPLOYMENT_TARGET = 16.4;
				MARKETING_VERSION = 1.0;
				PRODUCT_BUNDLE_IDENTIFIER = com.oznur.LandmarkBookTests;
				PRODUCT_NAME = "$(TARGET_NAME)";
				SWIFT_EMIT_LOC_STRINGS = NO;
				SWIFT_VERSION = 5.0;
				TARGETED_DEVICE_FAMILY = "1,2";
				TEST_HOST = "$(BUILT_PRODUCTS_DIR)/LandmarkBook.app/$(BUNDLE_EXECUTABLE_FOLDER_PATH)/LandmarkBook";
			};
			name = Debug;
		};
		0AB2624D29ED277500BEB845 /* Release */ = {
			isa = XCBuildConfiguration;
			buildSettings = {
				ALWAYS_EMBED_SWIFT_STANDARD_LIBRARIES = YES;
				BUNDLE_LOADER = "$(TEST_HOST)";
				CODE_SIGN_STYLE = Automatic;
				CURRENT_PROJECT_VERSION = 1;
				DEVELOPMENT_TEAM = Q3YUWP37C3;
				GENERATE_INFOPLIST_FILE = YES;
				IPHONEOS_DEPLOYMENT_TARGET = 16.4;
				MARKETING_VERSION = 1.0;
				PRODUCT_BUNDLE_IDENTIFIER = com.oznur.LandmarkBookTests;
				PRODUCT_NAME = "$(TARGET_NAME)";
				SWIFT_EMIT_LOC_STRINGS = NO;
				SWIFT_VERSION = 5.0;
				TARGETED_DEVICE_FAMILY = "1,2";
				TEST_HOST = "$(BUILT_PRODUCTS_DIR)/LandmarkBook.app/$(BUNDLE_EXECUTABLE_FOLDER_PATH)/LandmarkBook";
			};
			name = Release;
		};
		0AB2624F29ED277500BEB845 /* Debug */ = {
			isa = XCBuildConfiguration;
			buildSettings = {
				ALWAYS_EMBED_SWIFT_STANDARD_LIBRARIES = YES;
				CODE_SIGN_STYLE = Automatic;
				CURRENT_PROJECT_VERSION = 1;
				DEVELOPMENT_TEAM = Q3YUWP37C3;
				GENERATE_INFOPLIST_FILE = YES;
				MARKETING_VERSION = 1.0;
				PRODUCT_BUNDLE_IDENTIFIER = com.oznur.LandmarkBookUITests;
				PRODUCT_NAME = "$(TARGET_NAME)";
				SWIFT_EMIT_LOC_STRINGS = NO;
				SWIFT_VERSION = 5.0;
				TARGETED_DEVICE_FAMILY = "1,2";
				TEST_TARGET_NAME = LandmarkBook;
			};
			name = Debug;
		};
		0AB2625029ED277500BEB845 /* Release */ = {
			isa = XCBuildConfiguration;
			buildSettings = {
				ALWAYS_EMBED_SWIFT_STANDARD_LIBRARIES = YES;
				CODE_SIGN_STYLE = Automatic;
				CURRENT_PROJECT_VERSION = 1;
				DEVELOPMENT_TEAM = Q3YUWP37C3;
				GENERATE_INFOPLIST_FILE = YES;
				MARKETING_VERSION = 1.0;
				PRODUCT_BUNDLE_IDENTIFIER = com.oznur.LandmarkBookUITests;
				PRODUCT_NAME = "$(TARGET_NAME)";
				SWIFT_EMIT_LOC_STRINGS = NO;
				SWIFT_VERSION = 5.0;
				TARGETED_DEVICE_FAMILY = "1,2";
				TEST_TARGET_NAME = LandmarkBook;
			};
			name = Release;
		};
/* End XCBuildConfiguration section */

/* Begin XCConfigurationList section */
		0AB2621929ED277400BEB845 /* Build configuration list for PBXProject "LandmarkBook" */ = {
			isa = XCConfigurationList;
			buildConfigurations = (
				0AB2624629ED277500BEB845 /* Debug */,
				0AB2624729ED277500BEB845 /* Release */,
			);
			defaultConfigurationIsVisible = 0;
			defaultConfigurationName = Release;
		};
		0AB2624829ED277500BEB845 /* Build configuration list for PBXNativeTarget "LandmarkBook" */ = {
			isa = XCConfigurationList;
			buildConfigurations = (
				0AB2624929ED277500BEB845 /* Debug */,
				0AB2624A29ED277500BEB845 /* Release */,
			);
			defaultConfigurationIsVisible = 0;
			defaultConfigurationName = Release;
		};
		0AB2624B29ED277500BEB845 /* Build configuration list for PBXNativeTarget "LandmarkBookTests" */ = {
			isa = XCConfigurationList;
			buildConfigurations = (
				0AB2624C29ED277500BEB845 /* Debug */,
				0AB2624D29ED277500BEB845 /* Release */,
			);
			defaultConfigurationIsVisible = 0;
			defaultConfigurationName = Release;
		};
		0AB2624E29ED277500BEB845 /* Build configuration list for PBXNativeTarget "LandmarkBookUITests" */ = {
			isa = XCConfigurationList;
			buildConfigurations = (
				0AB2624F29ED277500BEB845 /* Debug */,
				0AB2625029ED277500BEB845 /* Release */,
			);
			defaultConfigurationIsVisible = 0;
			defaultConfigurationName = Release;
		};
/* End XCConfigurationList section */
	};
	rootObject = 0AB2621629ED277400BEB845 /* Project object */;
}
